
Microsoft Visual Studio Solution File, Format Version 12.00
# Visual Studio Version 16
VisualStudioVersion = 16.0.31205.134
MinimumVisualStudioVersion = 10.0.40219.1
Project("{FAE04EC0-301F-11D3-BF4B-00C04F79EFBC}") = "agendaVovo", "agendaVovo\agendaVovo.csproj", "{08A42941-FD57-4463-A676-EF32923625C0}"
EndProject
Global
	GlobalSection(SolutionConfigurationPlatforms) = preSolution
		Debug|Any CPU = Debug|Any CPU
		Release|Any CPU = Release|Any CPU
	EndGlobalSection
	GlobalSection(ProjectConfigurationPlatforms) = postSolution
		{08A42941-FD57-4463-A676-EF32923625C0}.Debug|Any CPU.ActiveCfg = Debug|Any CPU
		{08A42941-FD57-4463-A676-EF32923625C0}.Debug|Any CPU.Build.0 = Debug|Any CPU
		{08A42941-FD57-4463-A676-EF32923625C0}.Release|Any CPU.ActiveCfg = Release|Any CPU
		{08A42941-FD57-4463-A676-EF32923625C0}.Release|Any CPU.Build.0 = Release|Any CPU
	EndGlobalSection
	GlobalSection(SolutionProperties) = preSolution
		HideSolutionNode = FALSE
	EndGlobalSection
	GlobalSection(ExtensibilityGlobals) = postSolution
		SolutionGuid = {DFFA2184-DA31-4777-B617-1C9FD67DE285}
	EndGlobalSection
EndGlobal
